{
  "requires": true,
  "lockfileVersion": 1,
  "dependencies": {
    "bootstrap": {
      "version": "4.4.1",
      "resolved": "https://registry.npmjs.org/bootstrap/-/bootstrap-4.4.1.tgz",
      "integrity": "sha512-tbx5cHubwE6e2ZG7nqM3g/FZ5PQEDMWmMGNrCUBVRPHXTJaH7CBDdsLeu3eCh3B1tzAxTnAbtmrzvWEvT2NNEA=="
    },
    "debounce": {
      "version": "1.0.2",
      "resolved": "https://registry.npmjs.org/debounce/-/debounce-1.0.2.tgz",
      "integrity": "sha1-UDzGdNjX9zcJlmT7dd29NrlibcY="
    },
    "domify": {
      "version": "1.4.0",
      "resolved": "https://registry.npmjs.org/domify/-/domify-1.4.0.tgz",
      "integrity": "sha1-EUg2F/dk+GlZdbS9x5sU8IA7Yps="
    },
    "emitter-component": {
      "version": "1.1.1",
      "resolved": "https://registry.npmjs.org/emitter-component/-/emitter-component-1.1.1.tgz",
      "integrity": "sha1-Bl4tvtaVm/RwZ57avq95gdEAOrY="
    },
    "exports": {
      "version": "0.0.1",
      "resolved": "https://registry.npmjs.org/exports/-/exports-0.0.1.tgz",
      "integrity": "sha1-KRpbUVeBuwuhUkvsj/GlJCBBq00=",
      "requires": {
        "super": "0.1.0"
      }
    },
    "font-awesome": {
      "version": "4.7.0",
      "resolved": "https://registry.npmjs.org/font-awesome/-/font-awesome-4.7.0.tgz",
      "integrity": "sha1-j6jPBBGhoxr9B7BtKQK7n8gVoTM="
    },
    "jquery": {
      "version": "3.4.1",
      "resolved": "https://registry.npmjs.org/jquery/-/jquery-3.4.1.tgz",
      "integrity": "sha512-36+AdBzCL+y6qjw5Tx7HgzeGCzC81MDDgaUP8ld2zhx58HdqXGoBd+tHdrBMiyjGQs0Hxs/MLZTu/eHNJJuWPw=="
    },
    "popover": {
      "version": "2.4.1",
      "resolved": "https://registry.npmjs.org/popover/-/popover-2.4.1.tgz",
      "integrity": "sha1-ruww2WKLk5nr8T4Q+Kr8wVTlep4=",
      "requires": {
        "debounce": "~1.0.0",
        "domify": "~1.4.0",
        "emitter-component": "~1.1.0"
      }
    },
    "super": {
      "version": "0.1.0",
      "resolved": "https://registry.npmjs.org/super/-/super-0.1.0.tgz",
      "integrity": "sha1-DmdrtbPeUuoQa1QlJFYNNgnQZT8="
    },
    "sweetalert2": {
      "version": "9.10.8",
      "resolved": "https://registry.npmjs.org/sweetalert2/-/sweetalert2-9.10.8.tgz",
      "integrity": "sha512-OqHgFs0QWbNN4qdOt9hkvDTA1+pHTrw8yNARECQdCpBmTKxC5OttgXmnGE5kXsgrT7h7BlCjDFqSAZ+Qnk3S3A=="
    }
  }
}
